
Microsoft Visual Studio Solution File, Format Version 12.00
# Visual Studio Version 16
VisualStudioVersion = 16.0.30804.86
MinimumVisualStudioVersion = 10.0.40219.1
Project("{FAE04EC0-301F-11D3-BF4B-00C04F79EFBC}") = "ITS.Maraspin.Correzzione.ServiceBus.Web", "ITS.Maraspin.Correzzione.ServiceBus.Web\ITS.Maraspin.Correzzione.ServiceBus.Web.csproj", "{AC75DD8C-D3E3-48F1-8BEF-9D20DD19157C}"
EndProject
Project("{FAE04EC0-301F-11D3-BF4B-00C04F79EFBC}") = "ITS.Maraspin.Correzzione.ServiceBus.MailWorker", "ITS.Maraspin.Correzzione.ServiceBus.MailWorker\ITS.Maraspin.Correzzione.ServiceBus.MailWorker.csproj", "{64737E87-FA13-484E-B749-232E8593B219}"
EndProject
Project("{FAE04EC0-301F-11D3-BF4B-00C04F79EFBC}") = "ITS.Maraspin.Correzzione.ServiceBus.StorageWorker", "ITS.Maraspin.Correzzione.ServiceBus.StorageWorker\ITS.Maraspin.Correzzione.ServiceBus.StorageWorker.csproj", "{4F381758-B11B-455F-96C6-DFB34C66B373}"
EndProject
Project("{FAE04EC0-301F-11D3-BF4B-00C04F79EFBC}") = "ITS.Maraspin.Correzzione.ServiceBus.Data", "ITS.Maraspin.Correzzione.ServiceBus.Data\ITS.Maraspin.Correzzione.ServiceBus.Data.csproj", "{CE888D95-DB3E-4656-8DD7-2F5B8C9BE372}"
EndProject
Project("{FAE04EC0-301F-11D3-BF4B-00C04F79EFBC}") = "ITS.Maraspin.Correzzione.ServiceBus.Application", "ITS.Maraspin.Correzzione.ServiceBus.Application\ITS.Maraspin.Correzzione.ServiceBus.Application.csproj", "{22895E01-7D3A-497D-9E0C-24D9C7EB119C}"
EndProject
Global
	GlobalSection(SolutionConfigurationPlatforms) = preSolution
		Debug|Any CPU = Debug|Any CPU
		Release|Any CPU = Release|Any CPU
	EndGlobalSection
	GlobalSection(ProjectConfigurationPlatforms) = postSolution
		{AC75DD8C-D3E3-48F1-8BEF-9D20DD19157C}.Debug|Any CPU.ActiveCfg = Debug|Any CPU
		{AC75DD8C-D3E3-48F1-8BEF-9D20DD19157C}.Debug|Any CPU.Build.0 = Debug|Any CPU
		{AC75DD8C-D3E3-48F1-8BEF-9D20DD19157C}.Release|Any CPU.ActiveCfg = Release|Any CPU
		{AC75DD8C-D3E3-48F1-8BEF-9D20DD19157C}.Release|Any CPU.Build.0 = Release|Any CPU
		{64737E87-FA13-484E-B749-232E8593B219}.Debug|Any CPU.ActiveCfg = Debug|Any CPU
		{64737E87-FA13-484E-B749-232E8593B219}.Debug|Any CPU.Build.0 = Debug|Any CPU
		{64737E87-FA13-484E-B749-232E8593B219}.Release|Any CPU.ActiveCfg = Release|Any CPU
		{64737E87-FA13-484E-B749-232E8593B219}.Release|Any CPU.Build.0 = Release|Any CPU
		{4F381758-B11B-455F-96C6-DFB34C66B373}.Debug|Any CPU.ActiveCfg = Debug|Any CPU
		{4F381758-B11B-455F-96C6-DFB34C66B373}.Debug|Any CPU.Build.0 = Debug|Any CPU
		{4F381758-B11B-455F-96C6-DFB34C66B373}.Release|Any CPU.ActiveCfg = Release|Any CPU
		{4F381758-B11B-455F-96C6-DFB34C66B373}.Release|Any CPU.Build.0 = Release|Any CPU
		{CE888D95-DB3E-4656-8DD7-2F5B8C9BE372}.Debug|Any CPU.ActiveCfg = Debug|Any CPU
		{CE888D95-DB3E-4656-8DD7-2F5B8C9BE372}.Debug|Any CPU.Build.0 = Debug|Any CPU
		{CE888D95-DB3E-4656-8DD7-2F5B8C9BE372}.Release|Any CPU.ActiveCfg = Release|Any CPU
		{CE888D95-DB3E-4656-8DD7-2F5B8C9BE372}.Release|Any CPU.Build.0 = Release|Any CPU
		{22895E01-7D3A-497D-9E0C-24D9C7EB119C}.Debug|Any CPU.ActiveCfg = Debug|Any CPU
		{22895E01-7D3A-497D-9E0C-24D9C7EB119C}.Debug|Any CPU.Build.0 = Debug|Any CPU
		{22895E01-7D3A-497D-9E0C-24D9C7EB119C}.Release|Any CPU.ActiveCfg = Release|Any CPU
		{22895E01-7D3A-497D-9E0C-24D9C7EB119C}.Release|Any CPU.Build.0 = Release|Any CPU
	EndGlobalSection
	GlobalSection(SolutionProperties) = preSolution
		HideSolutionNode = FALSE
	EndGlobalSection
	GlobalSection(ExtensibilityGlobals) = postSolution
		SolutionGuid = {953FD4D9-CDF3-4050-AB90-3FFA49AD0822}
	EndGlobalSection
EndGlobal
